<?xml version="1.0" encoding="UTF-8"?>
<CodeBlocks_project_file>
	<FileVersion major="1" minor="6"/>
	<Project>
		<Option title="acaBoundingBoxes"/>
		<Option makefile_is_custom="1"/>
		<Option compiler="gcc"/>
		<Option virtualFolders="CMake Files\;"/>
		<Build>
			<Target title="all">
				<Option working_dir="/Users/xpuser/CLionProjects/acaBoundingBoxes"/>
				<Option type="4"/>
				<MakeCommands>
					<Build command="/usr/bin/make -f &quot;/Users/xpuser/CLionProjects/acaBoundingBoxes/Makefile&quot;  VERBOSE=1 all"/>
					<CompileFile command="/usr/bin/make -f &quot;/Users/xpuser/CLionProjects/acaBoundingBoxes/Makefile&quot;  VERBOSE=1 &quot;$file&quot;"/>
					<Clean command="/usr/bin/make -f &quot;/Users/xpuser/CLionProjects/acaBoundingBoxes/Makefile&quot;  VERBOSE=1 clean"/>
					<DistClean command="/usr/bin/make -f &quot;/Users/xpuser/CLionProjects/acaBoundingBoxes/Makefile&quot;  VERBOSE=1 clean"/>
				</MakeCommands>
			</Target>
			<Target title="rebuild_cache">
				<Option working_dir="/Users/xpuser/CLionProjects/acaBoundingBoxes"/>
				<Option type="4"/>
				<MakeCommands>
					<Build command="/usr/bin/make -f &quot;/Users/xpuser/CLionProjects/acaBoundingBoxes/Makefile&quot;  VERBOSE=1 rebuild_cache"/>
					<CompileFile command="/usr/bin/make -f &quot;/Users/xpuser/CLionProjects/acaBoundingBoxes/Makefile&quot;  VERBOSE=1 &quot;$file&quot;"/>
					<Clean command="/usr/bin/make -f &quot;/Users/xpuser/CLionProjects/acaBoundingBoxes/Makefile&quot;  VERBOSE=1 clean"/>
					<DistClean command="/usr/bin/make -f &quot;/Users/xpuser/CLionProjects/acaBoundingBoxes/Makefile&quot;  VERBOSE=1 clean"/>
				</MakeCommands>
			</Target>
			<Target title="edit_cache">
				<Option working_dir="/Users/xpuser/CLionProjects/acaBoundingBoxes"/>
				<Option type="4"/>
				<MakeCommands>
					<Build command="/usr/bin/make -f &quot;/Users/xpuser/CLionProjects/acaBoundingBoxes/Makefile&quot;  VERBOSE=1 edit_cache"/>
					<CompileFile command="/usr/bin/make -f &quot;/Users/xpuser/CLionProjects/acaBoundingBoxes/Makefile&quot;  VERBOSE=1 &quot;$file&quot;"/>
					<Clean command="/usr/bin/make -f &quot;/Users/xpuser/CLionProjects/acaBoundingBoxes/Makefile&quot;  VERBOSE=1 clean"/>
					<DistClean command="/usr/bin/make -f &quot;/Users/xpuser/CLionProjects/acaBoundingBoxes/Makefile&quot;  VERBOSE=1 clean"/>
				</MakeCommands>
			</Target>
			<Target title="acaBoundingBoxes">
				<Option output="/Users/xpuser/CLionProjects/acaBoundingBoxes/acaBoundingBoxes" prefix_auto="0" extension_auto="0"/>
				<Option working_dir="/Users/xpuser/CLionProjects/acaBoundingBoxes"/>
				<Option object_output="./"/>
				<Option type="1"/>
				<Option compiler="gcc"/>
				<Compiler/>
				<MakeCommands>
					<Build command="/usr/bin/make -f &quot;/Users/xpuser/CLionProjects/acaBoundingBoxes/Makefile&quot;  VERBOSE=1 acaBoundingBoxes"/>
					<CompileFile command="/usr/bin/make -f &quot;/Users/xpuser/CLionProjects/acaBoundingBoxes/Makefile&quot;  VERBOSE=1 &quot;$file&quot;"/>
					<Clean command="/usr/bin/make -f &quot;/Users/xpuser/CLionProjects/acaBoundingBoxes/Makefile&quot;  VERBOSE=1 clean"/>
					<DistClean command="/usr/bin/make -f &quot;/Users/xpuser/CLionProjects/acaBoundingBoxes/Makefile&quot;  VERBOSE=1 clean"/>
				</MakeCommands>
			</Target>
			<Target title="acaBoundingBoxes/fast">
				<Option output="/Users/xpuser/CLionProjects/acaBoundingBoxes/acaBoundingBoxes" prefix_auto="0" extension_auto="0"/>
				<Option working_dir="/Users/xpuser/CLionProjects/acaBoundingBoxes"/>
				<Option object_output="./"/>
				<Option type="1"/>
				<Option compiler="gcc"/>
				<Compiler/>
				<MakeCommands>
					<Build command="/usr/bin/make -f &quot;/Users/xpuser/CLionProjects/acaBoundingBoxes/Makefile&quot;  VERBOSE=1 acaBoundingBoxes/fast"/>
					<CompileFile command="/usr/bin/make -f &quot;/Users/xpuser/CLionProjects/acaBoundingBoxes/Makefile&quot;  VERBOSE=1 &quot;$file&quot;"/>
					<Clean command="/usr/bin/make -f &quot;/Users/xpuser/CLionProjects/acaBoundingBoxes/Makefile&quot;  VERBOSE=1 clean"/>
					<DistClean command="/usr/bin/make -f &quot;/Users/xpuser/CLionProjects/acaBoundingBoxes/Makefile&quot;  VERBOSE=1 clean"/>
				</MakeCommands>
			</Target>
		</Build>
		<Unit filename="/Users/xpuser/CLionProjects/acaBoundingBoxes/OMPWorkShare.cpp">
			<Option target="acaBoundingBoxes"/>
		</Unit>
		<Unit filename="/Users/xpuser/CLionProjects/acaBoundingBoxes/main.cpp">
			<Option target="acaBoundingBoxes"/>
		</Unit>
		<Unit filename="/Users/xpuser/CLionProjects/acaBoundingBoxes/CMakeLists.txt">
			<Option virtualFolder="CMake Files\"/>
		</Unit>
	</Project>
</CodeBlocks_project_file>
